<Solution>
  <Folder Name="/src/">
    <Project Path="src/Minesweeper.App/Minesweeper.App.csproj" />
    <Project Path="src/Minesweeper.Core/Minesweeper.Core.csproj" />
  </Folder>
  <Folder Name="/tests/">
    <Project Path="tests/Minesweeper.Tests/Minesweeper.Tests.csproj" />
  </Folder>
</Solution>
